<?xml version="1.0" encoding="utf-8"?>
<Project ToolsVersion="4.0" xmlns="http://schemas.microsoft.com/developer/msbuild/2003">
  <ItemGroup>
    <Filter Include="头文件">
      <UniqueIdentifier>{93995380-89BD-4b04-88EB-625FBE52EBFB}</UniqueIdentifier>
      <Extensions>h;hh;hpp;hxx;hm;inl;inc;xsd</Extensions>
    </Filter>
    <Filter Include="资源文件">
      <UniqueIdentifier>{67DA6AB6-F800-4c08-8B7A-83BB121AAD01}</UniqueIdentifier>
      <Extensions>rc;ico;cur;bmp;dlg;rc2;rct;bin;rgs;gif;jpg;jpeg;jpe;resx;tiff;tif;png;wav;mfcribbon-ms</Extensions>
    </Filter>
    <Filter Include="main">
      <UniqueIdentifier>{f9bb8969-ff37-4e6d-b716-1359a53c5df4}</UniqueIdentifier>
    </Filter>
    <Filter Include="test">
      <UniqueIdentifier>{23cdc2f8-c7d8-4c74-8ba6-2a37c7811ba8}</UniqueIdentifier>
    </Filter>
    <Filter Include="detail">
      <UniqueIdentifier>{4FC737F1-C7A5-4376-A066-2A32D752A2FF}</UniqueIdentifier>
      <Extensions>cpp;c;cc;cxx;def;odl;idl;hpj;bat;asm;asmx</Extensions>
    </Filter>
  </ItemGroup>
  <ItemGroup>
    <ClInclude Include="stl_construct.h">
      <Filter>头文件</Filter>
    </ClInclude>
    <ClInclude Include="stl_alloc.h">
      <Filter>头文件</Filter>
    </ClInclude>
    <ClInclude Include="alloc_test.h">
      <Filter>test</Filter>
    </ClInclude>
    <ClInclude Include="stl_iterator.h">
      <Filter>头文件</Filter>
    </ClInclude>
    <ClInclude Include="stl_uninitialized.h">
      <Filter>头文件</Filter>
    </ClInclude>
    <ClInclude Include="stl_algorithm.h">
      <Filter>头文件</Filter>
    </ClInclude>
    <ClInclude Include="vector.h">
      <Filter>头文件</Filter>
    </ClInclude>
    <ClInclude Include="stl_reverseiterator.h">
      <Filter>头文件</Filter>
    </ClInclude>
    <ClInclude Include="vector_test.h">
      <Filter>test</Filter>
    </ClInclude>
    <ClInclude Include="stl_allocator.h">
      <Filter>头文件</Filter>
    </ClInclude>
    <ClInclude Include="stl_type_traits.h">
      <Filter>头文件</Filter>
    </ClInclude>
    <ClInclude Include="Detail\vector.impl.h">
      <Filter>detail</Filter>
    </ClInclude>
    <ClInclude Include="list.h">
      <Filter>头文件</Filter>
    </ClInclude>
    <ClInclude Include="Detail\list.impl.h">
      <Filter>detail</Filter>
    </ClInclude>
    <ClInclude Include="stl_functional.h">
      <Filter>头文件</Filter>
    </ClInclude>
    <ClInclude Include="list_test.h">
      <Filter>test</Filter>
    </ClInclude>
    <ClInclude Include="stl_testUtil.h">
      <Filter>test</Filter>
    </ClInclude>
    <ClInclude Include="deque.h">
      <Filter>头文件</Filter>
    </ClInclude>
    <ClInclude Include="deque.impl.h">
      <Filter>detail</Filter>
    </ClInclude>
  </ItemGroup>
  <ItemGroup>
    <ClCompile Include="main.cpp">
      <Filter>main</Filter>
    </ClCompile>
    <ClCompile Include="Detail\stl_alloc.cpp">
      <Filter>detail</Filter>
    </ClCompile>
  </ItemGroup>
</Project>